dependencies:
- name: grafana-agent
  repository: https://grafana.github.io/helm-charts
  version: 0.44.2
- name: alloy
  repository: https://grafana.github.io/helm-charts
  version: 1.8.1
- name: minio
  repository: https://charts.min.io/
  version: 4.1.0
digest: sha256:12d594d5f125e15000f229ed47561ea19120fa1938b2e11e547c468acac2758c
generated: "2026-05-11T02:03:53.023313675Z"
